
Microsoft Visual Studio Solution File, Format Version 12.00
# Visual Studio Version 17
VisualStudioVersion = 17.1.32228.430
MinimumVisualStudioVersion = 10.0.40219.1
Project("{FAE04EC0-301F-11D3-BF4B-00C04F79EFBC}") = "Weather Report", "Weather Report\Weather Report.csproj", "{64CDF633-5DAA-4963-864C-A84FA92F01AD}"
EndProject
Global
	GlobalSection(SolutionConfigurationPlatforms) = preSolution
		Debug|Any CPU = Debug|Any CPU
		Release|Any CPU = Release|Any CPU
	EndGlobalSection
	GlobalSection(ProjectConfigurationPlatforms) = postSolution
		{64CDF633-5DAA-4963-864C-A84FA92F01AD}.Debug|Any CPU.ActiveCfg = Debug|Any CPU
		{64CDF633-5DAA-4963-864C-A84FA92F01AD}.Debug|Any CPU.Build.0 = Debug|Any CPU
		{64CDF633-5DAA-4963-864C-A84FA92F01AD}.Release|Any CPU.ActiveCfg = Release|Any CPU
		{64CDF633-5DAA-4963-864C-A84FA92F01AD}.Release|Any CPU.Build.0 = Release|Any CPU
	EndGlobalSection
	GlobalSection(SolutionProperties) = preSolution
		HideSolutionNode = FALSE
	EndGlobalSection
	GlobalSection(ExtensibilityGlobals) = postSolution
		SolutionGuid = {43853696-B45D-4BB2-949E-0F0441D81F2A}
	EndGlobalSection
EndGlobal
